
Microsoft Visual Studio Solution File, Format Version 12.00
# Visual Studio Version 16
VisualStudioVersion = 16.0.29215.179
MinimumVisualStudioVersion = 10.0.40219.1
Project("{FAE04EC0-301F-11D3-BF4B-00C04F79EFBC}") = "ymca-application", "ymca-application.csproj", "{4BABD09D-6D5B-4923-A5FA-EEDBA078FB83}"
EndProject
Global
	GlobalSection(SolutionConfigurationPlatforms) = preSolution
		Debug|Any CPU = Debug|Any CPU
		Release|Any CPU = Release|Any CPU
	EndGlobalSection
	GlobalSection(ProjectConfigurationPlatforms) = postSolution
		{4BABD09D-6D5B-4923-A5FA-EEDBA078FB83}.Debug|Any CPU.ActiveCfg = Debug|Any CPU
		{4BABD09D-6D5B-4923-A5FA-EEDBA078FB83}.Debug|Any CPU.Build.0 = Debug|Any CPU
		{4BABD09D-6D5B-4923-A5FA-EEDBA078FB83}.Release|Any CPU.ActiveCfg = Release|Any CPU
		{4BABD09D-6D5B-4923-A5FA-EEDBA078FB83}.Release|Any CPU.Build.0 = Release|Any CPU
	EndGlobalSection
	GlobalSection(SolutionProperties) = preSolution
		HideSolutionNode = FALSE
	EndGlobalSection
	GlobalSection(ExtensibilityGlobals) = postSolution
		SolutionGuid = {9AD321DC-76A7-44D8-96FD-B2F045BD54F2}
	EndGlobalSection
EndGlobal
