
Microsoft Visual Studio Solution File, Format Version 12.00
# Visual Studio Version 16
VisualStudioVersion = 16.0.29215.179
MinimumVisualStudioVersion = 10.0.40219.1
Project("{FAE04EC0-301F-11D3-BF4B-00C04F79EFBC}") = "ymca-application", "ymca-application.csproj", "{6FA4800A-BF09-4850-8486-EAD193DAE03A}"
EndProject
Global
	GlobalSection(SolutionConfigurationPlatforms) = preSolution
		Debug|Any CPU = Debug|Any CPU
		Release|Any CPU = Release|Any CPU
	EndGlobalSection
	GlobalSection(ProjectConfigurationPlatforms) = postSolution
		{6FA4800A-BF09-4850-8486-EAD193DAE03A}.Debug|Any CPU.ActiveCfg = Debug|Any CPU
		{6FA4800A-BF09-4850-8486-EAD193DAE03A}.Debug|Any CPU.Build.0 = Debug|Any CPU
		{6FA4800A-BF09-4850-8486-EAD193DAE03A}.Release|Any CPU.ActiveCfg = Release|Any CPU
		{6FA4800A-BF09-4850-8486-EAD193DAE03A}.Release|Any CPU.Build.0 = Release|Any CPU
	EndGlobalSection
	GlobalSection(SolutionProperties) = preSolution
		HideSolutionNode = FALSE
	EndGlobalSection
	GlobalSection(ExtensibilityGlobals) = postSolution
		SolutionGuid = {0C70892F-BED0-411E-B2B4-7F1AB7C23073}
	EndGlobalSection
EndGlobal
